
Microsoft Visual Studio Solution File, Format Version 12.00
# Visual Studio 14
VisualStudioVersion = 14.0.25420.1
MinimumVisualStudioVersion = 10.0.40219.1
Project("{FAE04EC0-301F-11D3-BF4B-00C04F79EFBC}") = "AppSayhello", "AppSayhello\AppSayhello.csproj", "{B98D73D3-CF2C-4C3C-B0D8-10692F004A49}"
EndProject
Global
	GlobalSection(SolutionConfigurationPlatforms) = preSolution
		Ad-Hoc|iPhone = Ad-Hoc|iPhone
		Ad-Hoc|iPhoneSimulator = Ad-Hoc|iPhoneSimulator
		AppStore|iPhone = AppStore|iPhone
		AppStore|iPhoneSimulator = AppStore|iPhoneSimulator
		Debug|iPhone = Debug|iPhone
		Debug|iPhoneSimulator = Debug|iPhoneSimulator
		Release|iPhone = Release|iPhone
		Release|iPhoneSimulator = Release|iPhoneSimulator
	EndGlobalSection
	GlobalSection(ProjectConfigurationPlatforms) = postSolution
		{B98D73D3-CF2C-4C3C-B0D8-10692F004A49}.Ad-Hoc|iPhone.ActiveCfg = Ad-Hoc|iPhone
		{B98D73D3-CF2C-4C3C-B0D8-10692F004A49}.Ad-Hoc|iPhone.Build.0 = Ad-Hoc|iPhone
		{B98D73D3-CF2C-4C3C-B0D8-10692F004A49}.Ad-Hoc|iPhoneSimulator.ActiveCfg = Ad-Hoc|iPhoneSimulator
		{B98D73D3-CF2C-4C3C-B0D8-10692F004A49}.Ad-Hoc|iPhoneSimulator.Build.0 = Ad-Hoc|iPhoneSimulator
		{B98D73D3-CF2C-4C3C-B0D8-10692F004A49}.AppStore|iPhone.ActiveCfg = AppStore|iPhone
		{B98D73D3-CF2C-4C3C-B0D8-10692F004A49}.AppStore|iPhone.Build.0 = AppStore|iPhone
		{B98D73D3-CF2C-4C3C-B0D8-10692F004A49}.AppStore|iPhoneSimulator.ActiveCfg = AppStore|iPhoneSimulator
		{B98D73D3-CF2C-4C3C-B0D8-10692F004A49}.AppStore|iPhoneSimulator.Build.0 = AppStore|iPhoneSimulator
		{B98D73D3-CF2C-4C3C-B0D8-10692F004A49}.Debug|iPhone.ActiveCfg = Debug|iPhone
		{B98D73D3-CF2C-4C3C-B0D8-10692F004A49}.Debug|iPhone.Build.0 = Debug|iPhone
		{B98D73D3-CF2C-4C3C-B0D8-10692F004A49}.Debug|iPhoneSimulator.ActiveCfg = Debug|iPhoneSimulator
		{B98D73D3-CF2C-4C3C-B0D8-10692F004A49}.Debug|iPhoneSimulator.Build.0 = Debug|iPhoneSimulator
		{B98D73D3-CF2C-4C3C-B0D8-10692F004A49}.Release|iPhone.ActiveCfg = Release|iPhone
		{B98D73D3-CF2C-4C3C-B0D8-10692F004A49}.Release|iPhone.Build.0 = Release|iPhone
		{B98D73D3-CF2C-4C3C-B0D8-10692F004A49}.Release|iPhoneSimulator.ActiveCfg = Release|iPhoneSimulator
		{B98D73D3-CF2C-4C3C-B0D8-10692F004A49}.Release|iPhoneSimulator.Build.0 = Release|iPhoneSimulator
	EndGlobalSection
	GlobalSection(SolutionProperties) = preSolution
		HideSolutionNode = FALSE
	EndGlobalSection
EndGlobal
