
Microsoft Visual Studio Solution File, Format Version 12.00
# Visual Studio 14
VisualStudioVersion = 14.0.25420.1
MinimumVisualStudioVersion = 10.0.40219.1
Project("{FAE04EC0-301F-11D3-BF4B-00C04F79EFBC}") = "TestabilityExample", "TestabilityExample\TestabilityExample.csproj", "{3A5934CE-5E14-4B1D-B64D-6A6C8A2915B6}"
EndProject
Project("{FAE04EC0-301F-11D3-BF4B-00C04F79EFBC}") = "TestabilityExample.UnitTests", "TestabilityExample.UnitTests\TestabilityExample.UnitTests.csproj", "{D75B208A-55C0-4E04-90C4-A0A5E3CBFCD4}"
EndProject
Global
	GlobalSection(SolutionConfigurationPlatforms) = preSolution
		Debug|Any CPU = Debug|Any CPU
		Release|Any CPU = Release|Any CPU
	EndGlobalSection
	GlobalSection(ProjectConfigurationPlatforms) = postSolution
		{3A5934CE-5E14-4B1D-B64D-6A6C8A2915B6}.Debug|Any CPU.ActiveCfg = Debug|Any CPU
		{3A5934CE-5E14-4B1D-B64D-6A6C8A2915B6}.Debug|Any CPU.Build.0 = Debug|Any CPU
		{3A5934CE-5E14-4B1D-B64D-6A6C8A2915B6}.Release|Any CPU.ActiveCfg = Release|Any CPU
		{3A5934CE-5E14-4B1D-B64D-6A6C8A2915B6}.Release|Any CPU.Build.0 = Release|Any CPU
		{D75B208A-55C0-4E04-90C4-A0A5E3CBFCD4}.Debug|Any CPU.ActiveCfg = Debug|Any CPU
		{D75B208A-55C0-4E04-90C4-A0A5E3CBFCD4}.Debug|Any CPU.Build.0 = Debug|Any CPU
		{D75B208A-55C0-4E04-90C4-A0A5E3CBFCD4}.Release|Any CPU.ActiveCfg = Release|Any CPU
		{D75B208A-55C0-4E04-90C4-A0A5E3CBFCD4}.Release|Any CPU.Build.0 = Release|Any CPU
	EndGlobalSection
	GlobalSection(SolutionProperties) = preSolution
		HideSolutionNode = FALSE
	EndGlobalSection
EndGlobal
